
Microsoft Visual Studio Solution File, Format Version 12.00
# Visual Studio 15
VisualStudioVersion = 15.0.28307.1259
MinimumVisualStudioVersion = 10.0.40219.1
Project("{FAE04EC0-301F-11D3-BF4B-00C04F79EFBC}") = "EXample2", "EXample2\EXample2.csproj", "{A276116A-3AC9-4C7D-8245-425CD8FF1B0D}"
EndProject
Global
	GlobalSection(SolutionConfigurationPlatforms) = preSolution
		Debug|Any CPU = Debug|Any CPU
		Release|Any CPU = Release|Any CPU
	EndGlobalSection
	GlobalSection(ProjectConfigurationPlatforms) = postSolution
		{A276116A-3AC9-4C7D-8245-425CD8FF1B0D}.Debug|Any CPU.ActiveCfg = Debug|Any CPU
		{A276116A-3AC9-4C7D-8245-425CD8FF1B0D}.Debug|Any CPU.Build.0 = Debug|Any CPU
		{A276116A-3AC9-4C7D-8245-425CD8FF1B0D}.Release|Any CPU.ActiveCfg = Release|Any CPU
		{A276116A-3AC9-4C7D-8245-425CD8FF1B0D}.Release|Any CPU.Build.0 = Release|Any CPU
	EndGlobalSection
	GlobalSection(SolutionProperties) = preSolution
		HideSolutionNode = FALSE
	EndGlobalSection
	GlobalSection(ExtensibilityGlobals) = postSolution
		SolutionGuid = {F0A3EB1A-EA97-4819-9F9F-F3F4D0B7B647}
	EndGlobalSection
EndGlobal
